
Microsoft Visual Studio Solution File, Format Version 12.00
# Visual Studio Version 17
VisualStudioVersion = 17.11.35303.130
MinimumVisualStudioVersion = 10.0.40219.1
Project("{9A19103F-16F7-4668-BE54-9A1E7A4F7556}") = "Uestc.BBS.Desktop", "Uestc.BBS.Desktop\Uestc.BBS.Desktop.csproj", "{A70B6622-0FBF-41AB-9671-18A84106F819}"
EndProject
Project("{9A19103F-16F7-4668-BE54-9A1E7A4F7556}") = "Uestc.BBS.Core", "Uestc.BBS.Core\Uestc.BBS.Core.csproj", "{AD467A93-56A0-4516-965F-069A8E07E7CC}"
EndProject
Project("{FAE04EC0-301F-11D3-BF4B-00C04F79EFBC}") = "Uestc.BBS.Droid", "Uestc.BBS.Droid\Uestc.BBS.Droid.csproj", "{F57E189B-A80E-456E-828A-5EE610C7D0B0}"
EndProject
Project("{FAE04EC0-301F-11D3-BF4B-00C04F79EFBC}") = "Uestc.BBS.iOS", "Uestc.BBS.iOS\Uestc.BBS.iOS.csproj", "{18C127B2-D841-4162-B655-8968EF479BED}"
EndProject
Project("{9A19103F-16F7-4668-BE54-9A1E7A4F7556}") = "Uestc.BBS", "Uestc.BBS\Uestc.BBS.csproj", "{47DD9FF2-915E-43B7-B71B-0129C4ACF709}"
EndProject
Project("{FAE04EC0-301F-11D3-BF4B-00C04F79EFBC}") = "Uestc.BBS.WinUI", "Uestc.BBS.WinUI\Uestc.BBS.WinUI.csproj", "{97081CC2-03D9-42CA-827E-02CF7EDF650B}"
EndProject
Global
	GlobalSection(SolutionConfigurationPlatforms) = preSolution
		Debug|Any CPU = Debug|Any CPU
		Release|Any CPU = Release|Any CPU
	EndGlobalSection
	GlobalSection(ProjectConfigurationPlatforms) = postSolution
		{A70B6622-0FBF-41AB-9671-18A84106F819}.Debug|Any CPU.ActiveCfg = Debug|Any CPU
		{A70B6622-0FBF-41AB-9671-18A84106F819}.Debug|Any CPU.Build.0 = Debug|Any CPU
		{A70B6622-0FBF-41AB-9671-18A84106F819}.Release|Any CPU.ActiveCfg = Release|Any CPU
		{A70B6622-0FBF-41AB-9671-18A84106F819}.Release|Any CPU.Build.0 = Release|Any CPU
		{AD467A93-56A0-4516-965F-069A8E07E7CC}.Debug|Any CPU.ActiveCfg = Debug|Any CPU
		{AD467A93-56A0-4516-965F-069A8E07E7CC}.Debug|Any CPU.Build.0 = Debug|Any CPU
		{AD467A93-56A0-4516-965F-069A8E07E7CC}.Release|Any CPU.ActiveCfg = Release|Any CPU
		{AD467A93-56A0-4516-965F-069A8E07E7CC}.Release|Any CPU.Build.0 = Release|Any CPU
		{F57E189B-A80E-456E-828A-5EE610C7D0B0}.Debug|Any CPU.ActiveCfg = Debug|Any CPU
		{F57E189B-A80E-456E-828A-5EE610C7D0B0}.Debug|Any CPU.Build.0 = Debug|Any CPU
		{F57E189B-A80E-456E-828A-5EE610C7D0B0}.Debug|Any CPU.Deploy.0 = Debug|Any CPU
		{F57E189B-A80E-456E-828A-5EE610C7D0B0}.Release|Any CPU.ActiveCfg = Release|Any CPU
		{F57E189B-A80E-456E-828A-5EE610C7D0B0}.Release|Any CPU.Build.0 = Release|Any CPU
		{F57E189B-A80E-456E-828A-5EE610C7D0B0}.Release|Any CPU.Deploy.0 = Release|Any CPU
		{18C127B2-D841-4162-B655-8968EF479BED}.Debug|Any CPU.ActiveCfg = Debug|Any CPU
		{18C127B2-D841-4162-B655-8968EF479BED}.Debug|Any CPU.Build.0 = Debug|Any CPU
		{18C127B2-D841-4162-B655-8968EF479BED}.Debug|Any CPU.Deploy.0 = Debug|Any CPU
		{18C127B2-D841-4162-B655-8968EF479BED}.Release|Any CPU.ActiveCfg = Release|Any CPU
		{18C127B2-D841-4162-B655-8968EF479BED}.Release|Any CPU.Build.0 = Release|Any CPU
		{18C127B2-D841-4162-B655-8968EF479BED}.Release|Any CPU.Deploy.0 = Release|Any CPU
		{47DD9FF2-915E-43B7-B71B-0129C4ACF709}.Debug|Any CPU.ActiveCfg = Debug|Any CPU
		{47DD9FF2-915E-43B7-B71B-0129C4ACF709}.Debug|Any CPU.Build.0 = Debug|Any CPU
		{47DD9FF2-915E-43B7-B71B-0129C4ACF709}.Release|Any CPU.ActiveCfg = Release|Any CPU
		{47DD9FF2-915E-43B7-B71B-0129C4ACF709}.Release|Any CPU.Build.0 = Release|Any CPU
		{97081CC2-03D9-42CA-827E-02CF7EDF650B}.Debug|Any CPU.ActiveCfg = Debug|x64
		{97081CC2-03D9-42CA-827E-02CF7EDF650B}.Debug|Any CPU.Build.0 = Debug|x64
		{97081CC2-03D9-42CA-827E-02CF7EDF650B}.Release|Any CPU.ActiveCfg = Release|x64
		{97081CC2-03D9-42CA-827E-02CF7EDF650B}.Release|Any CPU.Build.0 = Release|x64
	EndGlobalSection
	GlobalSection(SolutionProperties) = preSolution
		HideSolutionNode = FALSE
	EndGlobalSection
	GlobalSection(ExtensibilityGlobals) = postSolution
		SolutionGuid = {4A78FC74-F6FD-44BC-B704-7A8A08B0D5B5}
	EndGlobalSection
EndGlobal
