
Microsoft Visual Studio Solution File, Format Version 12.00
# Visual Studio Version 17
VisualStudioVersion = 17.11.35303.130
MinimumVisualStudioVersion = 10.0.40219.1
Project("{9A19103F-16F7-4668-BE54-9A1E7A4F7556}") = "Uestc.BBS.Desktop", "Uestc.BBS.Desktop\Uestc.BBS.Desktop.csproj", "{A70B6622-0FBF-41AB-9671-18A84106F819}"
EndProject
Project("{9A19103F-16F7-4668-BE54-9A1E7A4F7556}") = "Uestc.BBS.Core", "Uestc.BBS.Core\Uestc.BBS.Core.csproj", "{AD467A93-56A0-4516-965F-069A8E07E7CC}"
EndProject
Project("{FAE04EC0-301F-11D3-BF4B-00C04F79EFBC}") = "Uestc.BBS.Tests", "Uestc.BBS.Tests\Uestc.BBS.Tests.csproj", "{AF68FE49-EE55-4926-9789-9041058131F0}"
EndProject
Project("{FAE04EC0-301F-11D3-BF4B-00C04F79EFBC}") = "Uestc.BBS.WinUI", "Uestc.BBS.WinUI\Uestc.BBS.WinUI.csproj", "{822001A9-C678-457E-8797-DEED6E21F568}"
EndProject
Project("{FAE04EC0-301F-11D3-BF4B-00C04F79EFBC}") = "Uestc.BBS.Mvvm", "Uestc.BBS.Mvvm\Uestc.BBS.Mvvm.csproj", "{5520D4DF-C110-408A-9CA5-343F8C1807ED}"
EndProject
Project("{FAE04EC0-301F-11D3-BF4B-00C04F79EFBC}") = "Uestc.BBS.Sdk", "..\..\Uestc.BBS.Sdk\Uestc.BBS.Sdk\Uestc.BBS.Sdk.csproj", "{815E4906-4B0A-4BD0-9831-BD78A6340005}"
EndProject
Project("{FAE04EC0-301F-11D3-BF4B-00C04F79EFBC}") = "Uestc.BBS.Sdk.Tests", "..\..\Uestc.BBS.Sdk\Uestc.BBS.Sdk.Tests\Uestc.BBS.Sdk.Tests.csproj", "{4B8A369C-C326-B3C7-EBE0-6A6CB5E24E13}"
EndProject
Project("{FAE04EC0-301F-11D3-BF4B-00C04F79EFBC}") = "Uestc.BBS.Sdk.Analyzer", "..\..\Uestc.BBS.Sdk\Uestc.BBS.Sdk.Analyzer\Uestc.BBS.Sdk.Analyzer.csproj", "{9B9E1C4E-9ED5-D584-076C-23A6C1ACC430}"
EndProject
Global
	GlobalSection(SolutionConfigurationPlatforms) = preSolution
		Debug|Any CPU = Debug|Any CPU
		Release|Any CPU = Release|Any CPU
	EndGlobalSection
	GlobalSection(ProjectConfigurationPlatforms) = postSolution
		{A70B6622-0FBF-41AB-9671-18A84106F819}.Debug|Any CPU.ActiveCfg = Debug|Any CPU
		{A70B6622-0FBF-41AB-9671-18A84106F819}.Debug|Any CPU.Build.0 = Debug|Any CPU
		{A70B6622-0FBF-41AB-9671-18A84106F819}.Release|Any CPU.ActiveCfg = Release|Any CPU
		{A70B6622-0FBF-41AB-9671-18A84106F819}.Release|Any CPU.Build.0 = Release|Any CPU
		{AD467A93-56A0-4516-965F-069A8E07E7CC}.Debug|Any CPU.ActiveCfg = Debug|Any CPU
		{AD467A93-56A0-4516-965F-069A8E07E7CC}.Debug|Any CPU.Build.0 = Debug|Any CPU
		{AD467A93-56A0-4516-965F-069A8E07E7CC}.Release|Any CPU.ActiveCfg = Release|Any CPU
		{AD467A93-56A0-4516-965F-069A8E07E7CC}.Release|Any CPU.Build.0 = Release|Any CPU
		{AF68FE49-EE55-4926-9789-9041058131F0}.Debug|Any CPU.ActiveCfg = Debug|Any CPU
		{AF68FE49-EE55-4926-9789-9041058131F0}.Debug|Any CPU.Build.0 = Debug|Any CPU
		{AF68FE49-EE55-4926-9789-9041058131F0}.Release|Any CPU.ActiveCfg = Release|Any CPU
		{AF68FE49-EE55-4926-9789-9041058131F0}.Release|Any CPU.Build.0 = Release|Any CPU
		{822001A9-C678-457E-8797-DEED6E21F568}.Debug|Any CPU.ActiveCfg = Debug|x64
		{822001A9-C678-457E-8797-DEED6E21F568}.Debug|Any CPU.Build.0 = Debug|x64
		{822001A9-C678-457E-8797-DEED6E21F568}.Debug|Any CPU.Deploy.0 = Debug|x64
		{822001A9-C678-457E-8797-DEED6E21F568}.Release|Any CPU.ActiveCfg = Release|x64
		{822001A9-C678-457E-8797-DEED6E21F568}.Release|Any CPU.Build.0 = Release|x64
		{5520D4DF-C110-408A-9CA5-343F8C1807ED}.Debug|Any CPU.ActiveCfg = Debug|Any CPU
		{5520D4DF-C110-408A-9CA5-343F8C1807ED}.Debug|Any CPU.Build.0 = Debug|Any CPU
		{5520D4DF-C110-408A-9CA5-343F8C1807ED}.Release|Any CPU.ActiveCfg = Release|Any CPU
		{5520D4DF-C110-408A-9CA5-343F8C1807ED}.Release|Any CPU.Build.0 = Release|Any CPU
		{815E4906-4B0A-4BD0-9831-BD78A6340005}.Debug|Any CPU.ActiveCfg = Debug|Any CPU
		{815E4906-4B0A-4BD0-9831-BD78A6340005}.Debug|Any CPU.Build.0 = Debug|Any CPU
		{815E4906-4B0A-4BD0-9831-BD78A6340005}.Release|Any CPU.ActiveCfg = Release|Any CPU
		{815E4906-4B0A-4BD0-9831-BD78A6340005}.Release|Any CPU.Build.0 = Release|Any CPU
		{4B8A369C-C326-B3C7-EBE0-6A6CB5E24E13}.Debug|Any CPU.ActiveCfg = Debug|Any CPU
		{4B8A369C-C326-B3C7-EBE0-6A6CB5E24E13}.Debug|Any CPU.Build.0 = Debug|Any CPU
		{4B8A369C-C326-B3C7-EBE0-6A6CB5E24E13}.Release|Any CPU.ActiveCfg = Release|Any CPU
		{4B8A369C-C326-B3C7-EBE0-6A6CB5E24E13}.Release|Any CPU.Build.0 = Release|Any CPU
		{9B9E1C4E-9ED5-D584-076C-23A6C1ACC430}.Debug|Any CPU.ActiveCfg = Debug|Any CPU
		{9B9E1C4E-9ED5-D584-076C-23A6C1ACC430}.Debug|Any CPU.Build.0 = Debug|Any CPU
		{9B9E1C4E-9ED5-D584-076C-23A6C1ACC430}.Release|Any CPU.ActiveCfg = Release|Any CPU
		{9B9E1C4E-9ED5-D584-076C-23A6C1ACC430}.Release|Any CPU.Build.0 = Release|Any CPU
	EndGlobalSection
	GlobalSection(SolutionProperties) = preSolution
		HideSolutionNode = FALSE
	EndGlobalSection
	GlobalSection(ExtensibilityGlobals) = postSolution
		SolutionGuid = {4A78FC74-F6FD-44BC-B704-7A8A08B0D5B5}
	EndGlobalSection
EndGlobal
