
Microsoft Visual Studio Solution File, Format Version 12.00
# Visual Studio Version 17
VisualStudioVersion = 17.11.35303.130
MinimumVisualStudioVersion = 10.0.40219.1
Project("{9A19103F-16F7-4668-BE54-9A1E7A4F7556}") = "AvaloniaApplication1", "AvaloniaApplication1\AvaloniaApplication1.csproj", "{3BA8AC73-1523-4E87-A140-FDF8CAE6F867}"
EndProject
Project("{9A19103F-16F7-4668-BE54-9A1E7A4F7556}") = "AvaloniaApplication1.Android", "AvaloniaApplication1.Android\AvaloniaApplication1.Android.csproj", "{5512ECB0-F550-49A5-8DF4-E03DA9364AAE}"
EndProject
Project("{9A19103F-16F7-4668-BE54-9A1E7A4F7556}") = "AvaloniaApplication1.Desktop", "AvaloniaApplication1.Desktop\AvaloniaApplication1.Desktop.csproj", "{75B1AE34-CEF3-4AD6-BD36-DA5C9D1C7421}"
EndProject
Project("{9A19103F-16F7-4668-BE54-9A1E7A4F7556}") = "AvaloniaApplication1.iOS", "AvaloniaApplication1.iOS\AvaloniaApplication1.iOS.csproj", "{4002BBE5-3042-4DDA-A5E3-ABA940DD0480}"
EndProject
Global
	GlobalSection(SolutionConfigurationPlatforms) = preSolution
		Debug|Any CPU = Debug|Any CPU
		Release|Any CPU = Release|Any CPU
	EndGlobalSection
	GlobalSection(ProjectConfigurationPlatforms) = postSolution
		{3BA8AC73-1523-4E87-A140-FDF8CAE6F867}.Debug|Any CPU.ActiveCfg = Debug|Any CPU
		{3BA8AC73-1523-4E87-A140-FDF8CAE6F867}.Debug|Any CPU.Build.0 = Debug|Any CPU
		{3BA8AC73-1523-4E87-A140-FDF8CAE6F867}.Release|Any CPU.ActiveCfg = Release|Any CPU
		{3BA8AC73-1523-4E87-A140-FDF8CAE6F867}.Release|Any CPU.Build.0 = Release|Any CPU
		{5512ECB0-F550-49A5-8DF4-E03DA9364AAE}.Debug|Any CPU.ActiveCfg = Debug|Any CPU
		{5512ECB0-F550-49A5-8DF4-E03DA9364AAE}.Debug|Any CPU.Build.0 = Debug|Any CPU
		{5512ECB0-F550-49A5-8DF4-E03DA9364AAE}.Debug|Any CPU.Deploy.0 = Debug|Any CPU
		{5512ECB0-F550-49A5-8DF4-E03DA9364AAE}.Release|Any CPU.ActiveCfg = Release|Any CPU
		{5512ECB0-F550-49A5-8DF4-E03DA9364AAE}.Release|Any CPU.Build.0 = Release|Any CPU
		{5512ECB0-F550-49A5-8DF4-E03DA9364AAE}.Release|Any CPU.Deploy.0 = Release|Any CPU
		{75B1AE34-CEF3-4AD6-BD36-DA5C9D1C7421}.Debug|Any CPU.ActiveCfg = Debug|Any CPU
		{75B1AE34-CEF3-4AD6-BD36-DA5C9D1C7421}.Debug|Any CPU.Build.0 = Debug|Any CPU
		{75B1AE34-CEF3-4AD6-BD36-DA5C9D1C7421}.Release|Any CPU.ActiveCfg = Release|Any CPU
		{75B1AE34-CEF3-4AD6-BD36-DA5C9D1C7421}.Release|Any CPU.Build.0 = Release|Any CPU
		{4002BBE5-3042-4DDA-A5E3-ABA940DD0480}.Debug|Any CPU.ActiveCfg = Debug|Any CPU
		{4002BBE5-3042-4DDA-A5E3-ABA940DD0480}.Debug|Any CPU.Build.0 = Debug|Any CPU
		{4002BBE5-3042-4DDA-A5E3-ABA940DD0480}.Debug|Any CPU.Deploy.0 = Debug|Any CPU
		{4002BBE5-3042-4DDA-A5E3-ABA940DD0480}.Release|Any CPU.ActiveCfg = Release|Any CPU
		{4002BBE5-3042-4DDA-A5E3-ABA940DD0480}.Release|Any CPU.Build.0 = Release|Any CPU
		{4002BBE5-3042-4DDA-A5E3-ABA940DD0480}.Release|Any CPU.Deploy.0 = Release|Any CPU
	EndGlobalSection
	GlobalSection(SolutionProperties) = preSolution
		HideSolutionNode = FALSE
	EndGlobalSection
	GlobalSection(ExtensibilityGlobals) = postSolution
		SolutionGuid = {74F26EBF-F870-4E75-8141-B1219A136F3E}
	EndGlobalSection
EndGlobal
