
Microsoft Visual Studio Solution File, Format Version 12.00
# Visual Studio Version 17
VisualStudioVersion = 17.11.35327.3
MinimumVisualStudioVersion = 10.0.40219.1
Project("{FAE04EC0-301F-11D3-BF4B-00C04F79EFBC}") = "Uestc.BBS", "Uestc.BBS\Uestc.BBS\Uestc.BBS.csproj", "{CF5E76A1-47ED-43B4-B561-367AE221C426}"
EndProject
Project("{FAE04EC0-301F-11D3-BF4B-00C04F79EFBC}") = "Uestc.BBS.Android", "Uestc.BBS\Uestc.BBS.Android\Uestc.BBS.Android.csproj", "{CE04DEA4-1EE7-42C7-8304-E07FFFF6607C}"
EndProject
Project("{FAE04EC0-301F-11D3-BF4B-00C04F79EFBC}") = "Uestc.BBS.Desktop", "Uestc.BBS\Uestc.BBS.Desktop\Uestc.BBS.Desktop.csproj", "{92D139AC-0B55-48B4-B8A1-DC0B0938F829}"
EndProject
Project("{FAE04EC0-301F-11D3-BF4B-00C04F79EFBC}") = "Uestc.BBS.iOS", "Uestc.BBS\Uestc.BBS.iOS\Uestc.BBS.iOS.csproj", "{72053276-1929-4D18-9FBD-AB74679403FB}"
EndProject
Global
	GlobalSection(SolutionConfigurationPlatforms) = preSolution
		Debug|Any CPU = Debug|Any CPU
		Release|Any CPU = Release|Any CPU
	EndGlobalSection
	GlobalSection(ProjectConfigurationPlatforms) = postSolution
		{CF5E76A1-47ED-43B4-B561-367AE221C426}.Debug|Any CPU.ActiveCfg = Debug|Any CPU
		{CF5E76A1-47ED-43B4-B561-367AE221C426}.Debug|Any CPU.Build.0 = Debug|Any CPU
		{CF5E76A1-47ED-43B4-B561-367AE221C426}.Release|Any CPU.ActiveCfg = Release|Any CPU
		{CF5E76A1-47ED-43B4-B561-367AE221C426}.Release|Any CPU.Build.0 = Release|Any CPU
		{CE04DEA4-1EE7-42C7-8304-E07FFFF6607C}.Debug|Any CPU.ActiveCfg = Debug|Any CPU
		{CE04DEA4-1EE7-42C7-8304-E07FFFF6607C}.Debug|Any CPU.Build.0 = Debug|Any CPU
		{CE04DEA4-1EE7-42C7-8304-E07FFFF6607C}.Debug|Any CPU.Deploy.0 = Debug|Any CPU
		{CE04DEA4-1EE7-42C7-8304-E07FFFF6607C}.Release|Any CPU.ActiveCfg = Release|Any CPU
		{CE04DEA4-1EE7-42C7-8304-E07FFFF6607C}.Release|Any CPU.Build.0 = Release|Any CPU
		{CE04DEA4-1EE7-42C7-8304-E07FFFF6607C}.Release|Any CPU.Deploy.0 = Release|Any CPU
		{92D139AC-0B55-48B4-B8A1-DC0B0938F829}.Debug|Any CPU.ActiveCfg = Debug|Any CPU
		{92D139AC-0B55-48B4-B8A1-DC0B0938F829}.Debug|Any CPU.Build.0 = Debug|Any CPU
		{92D139AC-0B55-48B4-B8A1-DC0B0938F829}.Release|Any CPU.ActiveCfg = Release|Any CPU
		{92D139AC-0B55-48B4-B8A1-DC0B0938F829}.Release|Any CPU.Build.0 = Release|Any CPU
		{72053276-1929-4D18-9FBD-AB74679403FB}.Debug|Any CPU.ActiveCfg = Debug|Any CPU
		{72053276-1929-4D18-9FBD-AB74679403FB}.Debug|Any CPU.Build.0 = Debug|Any CPU
		{72053276-1929-4D18-9FBD-AB74679403FB}.Debug|Any CPU.Deploy.0 = Debug|Any CPU
		{72053276-1929-4D18-9FBD-AB74679403FB}.Release|Any CPU.ActiveCfg = Release|Any CPU
		{72053276-1929-4D18-9FBD-AB74679403FB}.Release|Any CPU.Build.0 = Release|Any CPU
		{72053276-1929-4D18-9FBD-AB74679403FB}.Release|Any CPU.Deploy.0 = Release|Any CPU
	EndGlobalSection
	GlobalSection(SolutionProperties) = preSolution
		HideSolutionNode = FALSE
	EndGlobalSection
	GlobalSection(ExtensibilityGlobals) = postSolution
		SolutionGuid = {3AA8B4CC-5AAF-4A2A-91C8-4AD425501183}
	EndGlobalSection
EndGlobal
